// !$*UTF8*$!
{
	archiveVersion = 1;
	classes = {
	};
	objectVersion = 56;
	objects = {

/* Begin PBXBuildFile section */
		0F549D962BA1A781002EE117 /* AlbumViewController.swift in Sources */ = {isa = PBXBuildFile; fileRef = 0F549D952BA1A781002EE117 /* AlbumViewController.swift */; };
		0F549D982BA1AF01002EE117 /* AlbumDetailsResponse.swift in Sources */ = {isa = PBXBuildFile; fileRef = 0F549D972BA1AF01002EE117 /* AlbumDetailsResponse.swift */; };
		0F549D9A2BA1EF05002EE117 /* PlaylistDetailsResponse.swift in Sources */ = {isa = PBXBuildFile; fileRef = 0F549D992BA1EF05002EE117 /* PlaylistDetailsResponse.swift */; };
		0F549D9C2BA2D0ED002EE117 /* PlaylistHeaderCollectionReusableView.swift in Sources */ = {isa = PBXBuildFile; fileRef = 0F549D9B2BA2D0ED002EE117 /* PlaylistHeaderCollectionReusableView.swift */; };
		0F549D9E2BA2D3B6002EE117 /* PlaylistHeaderViewViewModel.swift in Sources */ = {isa = PBXBuildFile; fileRef = 0F549D9D2BA2D3B6002EE117 /* PlaylistHeaderViewViewModel.swift */; };
		0F549DA02BA2F372002EE117 /* TitleHeaderCollectionReusableView.swift in Sources */ = {isa = PBXBuildFile; fileRef = 0F549D9F2BA2F372002EE117 /* TitleHeaderCollectionReusableView.swift */; };
		0F549DA22BA302D5002EE117 /* AlbumTrackCollectionViewCell.swift in Sources */ = {isa = PBXBuildFile; fileRef = 0F549DA12BA302D5002EE117 /* AlbumTrackCollectionViewCell.swift */; };
		0F549DA42BA30468002EE117 /* AlbumCollectionViewCellViewModel.swift in Sources */ = {isa = PBXBuildFile; fileRef = 0F549DA32BA30468002EE117 /* AlbumCollectionViewCellViewModel.swift */; };
		0F549DA62BA30596002EE117 /* DateFormatter+Ext.swift in Sources */ = {isa = PBXBuildFile; fileRef = 0F549DA52BA30596002EE117 /* DateFormatter+Ext.swift */; };
		0F549DA82BA3062B002EE117 /* String+Ext.swift in Sources */ = {isa = PBXBuildFile; fileRef = 0F549DA72BA3062B002EE117 /* String+Ext.swift */; };
		0F549DAA2BA345FD002EE117 /* GenreCollectionViewCell.swift in Sources */ = {isa = PBXBuildFile; fileRef = 0F549DA92BA345FD002EE117 /* GenreCollectionViewCell.swift */; };
		0F6266F72B9F0ED800255FE9 /* NewReleasesResponse.swift in Sources */ = {isa = PBXBuildFile; fileRef = 0F6266F62B9F0ED800255FE9 /* NewReleasesResponse.swift */; };
		0F6266F92B9F0F9400255FE9 /* APIImage.swift in Sources */ = {isa = PBXBuildFile; fileRef = 0F6266F82B9F0F9400255FE9 /* APIImage.swift */; };
		0F6266FB2B9F130F00255FE9 /* FeaturedPlaylistsResponse.swift in Sources */ = {isa = PBXBuildFile; fileRef = 0F6266FA2B9F130F00255FE9 /* FeaturedPlaylistsResponse.swift */; };
		0F6266FD2B9F2C9F00255FE9 /* RecommendedGenresResponse.swift in Sources */ = {isa = PBXBuildFile; fileRef = 0F6266FC2B9F2C9F00255FE9 /* RecommendedGenresResponse.swift */; };
		0F6266FF2B9F48B800255FE9 /* RecommendationsResponse.swift in Sources */ = {isa = PBXBuildFile; fileRef = 0F6266FE2B9F48B800255FE9 /* RecommendationsResponse.swift */; };
		0F6267022BA09DAA00255FE9 /* NewReleaseCollectionViewCell.swift in Sources */ = {isa = PBXBuildFile; fileRef = 0F6267012BA09DAA00255FE9 /* NewReleaseCollectionViewCell.swift */; };
		0F6267042BA09DF800255FE9 /* FeaturedPlaylistCollectionViewCell.swift in Sources */ = {isa = PBXBuildFile; fileRef = 0F6267032BA09DF700255FE9 /* FeaturedPlaylistCollectionViewCell.swift */; };
		0F6267062BA09E1C00255FE9 /* RecommendedTrackCollectionViewCell.swift in Sources */ = {isa = PBXBuildFile; fileRef = 0F6267052BA09E1C00255FE9 /* RecommendedTrackCollectionViewCell.swift */; };
		0F6267082BA09F6100255FE9 /* NewReleasesCellViewModel.swift in Sources */ = {isa = PBXBuildFile; fileRef = 0F6267072BA09F6100255FE9 /* NewReleasesCellViewModel.swift */; };
		0F62670A2BA1140A00255FE9 /* FeaturedPlaylistCellViewModel.swift in Sources */ = {isa = PBXBuildFile; fileRef = 0F6267092BA1140A00255FE9 /* FeaturedPlaylistCellViewModel.swift */; };
		0F62670C2BA1144F00255FE9 /* RecommendedTrackCellViewModel.swift in Sources */ = {isa = PBXBuildFile; fileRef = 0F62670B2BA1144F00255FE9 /* RecommendedTrackCellViewModel.swift */; };
		0F91C8032B85DF7800AB2942 /* AppDelegate.swift in Sources */ = {isa = PBXBuildFile; fileRef = 0F91C8022B85DF7800AB2942 /* AppDelegate.swift */; };
		0F91C8052B85DF7800AB2942 /* SceneDelegate.swift in Sources */ = {isa = PBXBuildFile; fileRef = 0F91C8042B85DF7800AB2942 /* SceneDelegate.swift */; };
		0F91C8072B85DF7800AB2942 /* HomeViewController.swift in Sources */ = {isa = PBXBuildFile; fileRef = 0F91C8062B85DF7800AB2942 /* HomeViewController.swift */; };
		0F91C80C2B85DF7A00AB2942 /* Assets.xcassets in Resources */ = {isa = PBXBuildFile; fileRef = 0F91C80B2B85DF7A00AB2942 /* Assets.xcassets */; };
		0F91C80F2B85DF7A00AB2942 /* LaunchScreen.storyboard in Resources */ = {isa = PBXBuildFile; fileRef = 0F91C80D2B85DF7A00AB2942 /* LaunchScreen.storyboard */; };
		0F91C81D2B85EE4D00AB2942 /* TabBarViewController.swift in Sources */ = {isa = PBXBuildFile; fileRef = 0F91C81C2B85EE4D00AB2942 /* TabBarViewController.swift */; };
		0F91C81F2B85EE8E00AB2942 /* SearchViewController.swift in Sources */ = {isa = PBXBuildFile; fileRef = 0F91C81E2B85EE8D00AB2942 /* SearchViewController.swift */; };
		0F91C8232B85EEDD00AB2942 /* AuthViewController.swift in Sources */ = {isa = PBXBuildFile; fileRef = 0F91C8222B85EEDD00AB2942 /* AuthViewController.swift */; };
		0F91C8252B85EEED00AB2942 /* WelcomeViewController.swift in Sources */ = {isa = PBXBuildFile; fileRef = 0F91C8242B85EEED00AB2942 /* WelcomeViewController.swift */; };
		0F91C8272B85EEF600AB2942 /* SettingsViewController.swift in Sources */ = {isa = PBXBuildFile; fileRef = 0F91C8262B85EEF600AB2942 /* SettingsViewController.swift */; };
		0F91C8292B85EF1C00AB2942 /* ProfileViewController.swift in Sources */ = {isa = PBXBuildFile; fileRef = 0F91C8282B85EF1C00AB2942 /* ProfileViewController.swift */; };
		0F91C82B2B85EF2400AB2942 /* PlaylistViewController.swift in Sources */ = {isa = PBXBuildFile; fileRef = 0F91C82A2B85EF2400AB2942 /* PlaylistViewController.swift */; };
		0F91C82D2B85EF3100AB2942 /* PlayerViewController.swift in Sources */ = {isa = PBXBuildFile; fileRef = 0F91C82C2B85EF3100AB2942 /* PlayerViewController.swift */; };
		0F91C82F2B85EF4A00AB2942 /* SearchResultViewController.swift in Sources */ = {isa = PBXBuildFile; fileRef = 0F91C82E2B85EF4A00AB2942 /* SearchResultViewController.swift */; };
		0F91C8312B85EF6F00AB2942 /* AuthManager.swift in Sources */ = {isa = PBXBuildFile; fileRef = 0F91C8302B85EF6F00AB2942 /* AuthManager.swift */; };
		0F91C8332B85EF7E00AB2942 /* NetworkManager.swift in Sources */ = {isa = PBXBuildFile; fileRef = 0F91C8322B85EF7E00AB2942 /* NetworkManager.swift */; };
		0F91C8352B85EF8900AB2942 /* HapticsManager.swift in Sources */ = {isa = PBXBuildFile; fileRef = 0F91C8342B85EF8900AB2942 /* HapticsManager.swift */; };
		0F91C8372B85EF9900AB2942 /* Playlist.swift in Sources */ = {isa = PBXBuildFile; fileRef = 0F91C8362B85EF9900AB2942 /* Playlist.swift */; };
		0F91C8392B85EFA500AB2942 /* AudioTrack.swift in Sources */ = {isa = PBXBuildFile; fileRef = 0F91C8382B85EFA500AB2942 /* AudioTrack.swift */; };
		0F91C83B2B85EFAE00AB2942 /* Artist.swift in Sources */ = {isa = PBXBuildFile; fileRef = 0F91C83A2B85EFAE00AB2942 /* Artist.swift */; };
		0F91C83D2B85EFBB00AB2942 /* UserProfile.swift in Sources */ = {isa = PBXBuildFile; fileRef = 0F91C83C2B85EFBB00AB2942 /* UserProfile.swift */; };
		0F91C83F2B85F07700AB2942 /* LibraryViewController.swift in Sources */ = {isa = PBXBuildFile; fileRef = 0F91C83E2B85F07700AB2942 /* LibraryViewController.swift */; };
		0F91C8422B85FBDF00AB2942 /* UIView+Ext.swift in Sources */ = {isa = PBXBuildFile; fileRef = 0F91C8412B85FBDF00AB2942 /* UIView+Ext.swift */; };
		0F91C8442B85FBF000AB2942 /* UIViewController+Ext.swift in Sources */ = {isa = PBXBuildFile; fileRef = 0F91C8432B85FBEF00AB2942 /* UIViewController+Ext.swift */; };
		0FCE6B222B87406700D0BB05 /* AuthResponse.swift in Sources */ = {isa = PBXBuildFile; fileRef = 0FCE6B212B87406700D0BB05 /* AuthResponse.swift */; };
		0FCE6B242B8742B900D0BB05 /* PersistenceManager.swift in Sources */ = {isa = PBXBuildFile; fileRef = 0FCE6B232B8742B900D0BB05 /* PersistenceManager.swift */; };
		0FCE6B272B874F6300D0BB05 /* Constants.swift in Sources */ = {isa = PBXBuildFile; fileRef = 0FCE6B262B874F6300D0BB05 /* Constants.swift */; };
		0FCE6B292B87ACCE00D0BB05 /* Settings.swift in Sources */ = {isa = PBXBuildFile; fileRef = 0FCE6B282B87ACCE00D0BB05 /* Settings.swift */; };
		0FCE6B2C2B88DD2500D0BB05 /* SDWebImage in Frameworks */ = {isa = PBXBuildFile; productRef = 0FCE6B2B2B88DD2500D0BB05 /* SDWebImage */; };
		0FCE6B542B8EC07700D0BB05 /* SButton.swift in Sources */ = {isa = PBXBuildFile; fileRef = 0FCE6B532B8EC07700D0BB05 /* SButton.swift */; };
		0FCE6B572B8EE8C100D0BB05 /* SignUpViewController.swift in Sources */ = {isa = PBXBuildFile; fileRef = 0FCE6B562B8EE8C100D0BB05 /* SignUpViewController.swift */; };
		0FCE6B592B8EE8D100D0BB05 /* SignInViewController.swift in Sources */ = {isa = PBXBuildFile; fileRef = 0FCE6B582B8EE8D100D0BB05 /* SignInViewController.swift */; };
		0FCE6B5B2B8EECB000D0BB05 /* STextfield.swift in Sources */ = {isa = PBXBuildFile; fileRef = 0FCE6B5A2B8EECB000D0BB05 /* STextfield.swift */; };
/* End PBXBuildFile section */

/* Begin PBXFileReference section */
		0F549D952BA1A781002EE117 /* AlbumViewController.swift */ = {isa = PBXFileReference; lastKnownFileType = sourcecode.swift; path = AlbumViewController.swift; sourceTree = "<group>"; };
		0F549D972BA1AF01002EE117 /* AlbumDetailsResponse.swift */ = {isa = PBXFileReference; lastKnownFileType = sourcecode.swift; path = AlbumDetailsResponse.swift; sourceTree = "<group>"; };
		0F549D992BA1EF05002EE117 /* PlaylistDetailsResponse.swift */ = {isa = PBXFileReference; lastKnownFileType = sourcecode.swift; path = PlaylistDetailsResponse.swift; sourceTree = "<group>"; };
		0F549D9B2BA2D0ED002EE117 /* PlaylistHeaderCollectionReusableView.swift */ = {isa = PBXFileReference; lastKnownFileType = sourcecode.swift; path = PlaylistHeaderCollectionReusableView.swift; sourceTree = "<group>"; };
		0F549D9D2BA2D3B6002EE117 /* PlaylistHeaderViewViewModel.swift */ = {isa = PBXFileReference; lastKnownFileType = sourcecode.swift; path = PlaylistHeaderViewViewModel.swift; sourceTree = "<group>"; };
		0F549D9F2BA2F372002EE117 /* TitleHeaderCollectionReusableView.swift */ = {isa = PBXFileReference; lastKnownFileType = sourcecode.swift; path = TitleHeaderCollectionReusableView.swift; sourceTree = "<group>"; };
		0F549DA12BA302D5002EE117 /* AlbumTrackCollectionViewCell.swift */ = {isa = PBXFileReference; lastKnownFileType = sourcecode.swift; path = AlbumTrackCollectionViewCell.swift; sourceTree = "<group>"; };
		0F549DA32BA30468002EE117 /* AlbumCollectionViewCellViewModel.swift */ = {isa = PBXFileReference; lastKnownFileType = sourcecode.swift; path = AlbumCollectionViewCellViewModel.swift; sourceTree = "<group>"; };
		0F549DA52BA30596002EE117 /* DateFormatter+Ext.swift */ = {isa = PBXFileReference; lastKnownFileType = sourcecode.swift; path = "DateFormatter+Ext.swift"; sourceTree = "<group>"; };
		0F549DA72BA3062B002EE117 /* String+Ext.swift */ = {isa = PBXFileReference; lastKnownFileType = sourcecode.swift; path = "String+Ext.swift"; sourceTree = "<group>"; };
		0F549DA92BA345FD002EE117 /* GenreCollectionViewCell.swift */ = {isa = PBXFileReference; lastKnownFileType = sourcecode.swift; path = GenreCollectionViewCell.swift; sourceTree = "<group>"; };
		0F6266F62B9F0ED800255FE9 /* NewReleasesResponse.swift */ = {isa = PBXFileReference; lastKnownFileType = sourcecode.swift; path = NewReleasesResponse.swift; sourceTree = "<group>"; };
		0F6266F82B9F0F9400255FE9 /* APIImage.swift */ = {isa = PBXFileReference; lastKnownFileType = sourcecode.swift; path = APIImage.swift; sourceTree = "<group>"; };
		0F6266FA2B9F130F00255FE9 /* FeaturedPlaylistsResponse.swift */ = {isa = PBXFileReference; lastKnownFileType = sourcecode.swift; path = FeaturedPlaylistsResponse.swift; sourceTree = "<group>"; };
		0F6266FC2B9F2C9F00255FE9 /* RecommendedGenresResponse.swift */ = {isa = PBXFileReference; lastKnownFileType = sourcecode.swift; path = RecommendedGenresResponse.swift; sourceTree = "<group>"; };
		0F6266FE2B9F48B800255FE9 /* RecommendationsResponse.swift */ = {isa = PBXFileReference; lastKnownFileType = sourcecode.swift; path = RecommendationsResponse.swift; sourceTree = "<group>"; };
		0F6267012BA09DAA00255FE9 /* NewReleaseCollectionViewCell.swift */ = {isa = PBXFileReference; lastKnownFileType = sourcecode.swift; path = NewReleaseCollectionViewCell.swift; sourceTree = "<group>"; };
		0F6267032BA09DF700255FE9 /* FeaturedPlaylistCollectionViewCell.swift */ = {isa = PBXFileReference; lastKnownFileType = sourcecode.swift; path = FeaturedPlaylistCollectionViewCell.swift; sourceTree = "<group>"; };
		0F6267052BA09E1C00255FE9 /* RecommendedTrackCollectionViewCell.swift */ = {isa = PBXFileReference; lastKnownFileType = sourcecode.swift; path = RecommendedTrackCollectionViewCell.swift; sourceTree = "<group>"; };
		0F6267072BA09F6100255FE9 /* NewReleasesCellViewModel.swift */ = {isa = PBXFileReference; lastKnownFileType = sourcecode.swift; path = NewReleasesCellViewModel.swift; sourceTree = "<group>"; };
		0F6267092BA1140A00255FE9 /* FeaturedPlaylistCellViewModel.swift */ = {isa = PBXFileReference; lastKnownFileType = sourcecode.swift; path = FeaturedPlaylistCellViewModel.swift; sourceTree = "<group>"; };
		0F62670B2BA1144F00255FE9 /* RecommendedTrackCellViewModel.swift */ = {isa = PBXFileReference; lastKnownFileType = sourcecode.swift; path = RecommendedTrackCellViewModel.swift; sourceTree = "<group>"; };
		0F91C7FF2B85DF7800AB2942 /* spotify-uikit-app.app */ = {isa = PBXFileReference; explicitFileType = wrapper.application; includeInIndex = 0; path = "spotify-uikit-app.app"; sourceTree = BUILT_PRODUCTS_DIR; };
		0F91C8022B85DF7800AB2942 /* AppDelegate.swift */ = {isa = PBXFileReference; lastKnownFileType = sourcecode.swift; path = AppDelegate.swift; sourceTree = "<group>"; };
		0F91C8042B85DF7800AB2942 /* SceneDelegate.swift */ = {isa = PBXFileReference; lastKnownFileType = sourcecode.swift; path = SceneDelegate.swift; sourceTree = "<group>"; };
		0F91C8062B85DF7800AB2942 /* HomeViewController.swift */ = {isa = PBXFileReference; lastKnownFileType = sourcecode.swift; path = HomeViewController.swift; sourceTree = "<group>"; };
		0F91C80B2B85DF7A00AB2942 /* Assets.xcassets */ = {isa = PBXFileReference; lastKnownFileType = folder.assetcatalog; path = Assets.xcassets; sourceTree = "<group>"; };
		0F91C80E2B85DF7A00AB2942 /* Base */ = {isa = PBXFileReference; lastKnownFileType = file.storyboard; name = Base; path = Base.lproj/LaunchScreen.storyboard; sourceTree = "<group>"; };
		0F91C8102B85DF7A00AB2942 /* Info.plist */ = {isa = PBXFileReference; lastKnownFileType = text.plist.xml; path = Info.plist; sourceTree = "<group>"; };
		0F91C81C2B85EE4D00AB2942 /* TabBarViewController.swift */ = {isa = PBXFileReference; lastKnownFileType = sourcecode.swift; path = TabBarViewController.swift; sourceTree = "<group>"; };
		0F91C81E2B85EE8D00AB2942 /* SearchViewController.swift */ = {isa = PBXFileReference; lastKnownFileType = sourcecode.swift; path = SearchViewController.swift; sourceTree = "<group>"; };
		0F91C8222B85EEDD00AB2942 /* AuthViewController.swift */ = {isa = PBXFileReference; lastKnownFileType = sourcecode.swift; path = AuthViewController.swift; sourceTree = "<group>"; };
		0F91C8242B85EEED00AB2942 /* WelcomeViewController.swift */ = {isa = PBXFileReference; lastKnownFileType = sourcecode.swift; path = WelcomeViewController.swift; sourceTree = "<group>"; };
		0F91C8262B85EEF600AB2942 /* SettingsViewController.swift */ = {isa = PBXFileReference; lastKnownFileType = sourcecode.swift; path = SettingsViewController.swift; sourceTree = "<group>"; };
		0F91C8282B85EF1C00AB2942 /* ProfileViewController.swift */ = {isa = PBXFileReference; lastKnownFileType = sourcecode.swift; path = ProfileViewController.swift; sourceTree = "<group>"; };
		0F91C82A2B85EF2400AB2942 /* PlaylistViewController.swift */ = {isa = PBXFileReference; lastKnownFileType = sourcecode.swift; path = PlaylistViewController.swift; sourceTree = "<group>"; };
		0F91C82C2B85EF3100AB2942 /* PlayerViewController.swift */ = {isa = PBXFileReference; lastKnownFileType = sourcecode.swift; path = PlayerViewController.swift; sourceTree = "<group>"; };
		0F91C82E2B85EF4A00AB2942 /* SearchResultViewController.swift */ = {isa = PBXFileReference; lastKnownFileType = sourcecode.swift; path = SearchResultViewController.swift; sourceTree = "<group>"; };
		0F91C8302B85EF6F00AB2942 /* AuthManager.swift */ = {isa = PBXFileReference; lastKnownFileType = sourcecode.swift; path = AuthManager.swift; sourceTree = "<group>"; };
		0F91C8322B85EF7E00AB2942 /* NetworkManager.swift */ = {isa = PBXFileReference; lastKnownFileType = sourcecode.swift; path = NetworkManager.swift; sourceTree = "<group>"; };
		0F91C8342B85EF8900AB2942 /* HapticsManager.swift */ = {isa = PBXFileReference; lastKnownFileType = sourcecode.swift; path = HapticsManager.swift; sourceTree = "<group>"; };
		0F91C8362B85EF9900AB2942 /* Playlist.swift */ = {isa = PBXFileReference; lastKnownFileType = sourcecode.swift; path = Playlist.swift; sourceTree = "<group>"; };
		0F91C8382B85EFA500AB2942 /* AudioTrack.swift */ = {isa = PBXFileReference; lastKnownFileType = sourcecode.swift; path = AudioTrack.swift; sourceTree = "<group>"; };
		0F91C83A2B85EFAE00AB2942 /* Artist.swift */ = {isa = PBXFileReference; lastKnownFileType = sourcecode.swift; path = Artist.swift; sourceTree = "<group>"; };
		0F91C83C2B85EFBB00AB2942 /* UserProfile.swift */ = {isa = PBXFileReference; lastKnownFileType = sourcecode.swift; path = UserProfile.swift; sourceTree = "<group>"; };
		0F91C83E2B85F07700AB2942 /* LibraryViewController.swift */ = {isa = PBXFileReference; lastKnownFileType = sourcecode.swift; path = LibraryViewController.swift; sourceTree = "<group>"; };
		0F91C8412B85FBDF00AB2942 /* UIView+Ext.swift */ = {isa = PBXFileReference; lastKnownFileType = sourcecode.swift; path = "UIView+Ext.swift"; sourceTree = "<group>"; };
		0F91C8432B85FBEF00AB2942 /* UIViewController+Ext.swift */ = {isa = PBXFileReference; lastKnownFileType = sourcecode.swift; path = "UIViewController+Ext.swift"; sourceTree = "<group>"; };
		0FCE6B212B87406700D0BB05 /* AuthResponse.swift */ = {isa = PBXFileReference; lastKnownFileType = sourcecode.swift; path = AuthResponse.swift; sourceTree = "<group>"; };
		0FCE6B232B8742B900D0BB05 /* PersistenceManager.swift */ = {isa = PBXFileReference; lastKnownFileType = sourcecode.swift; path = PersistenceManager.swift; sourceTree = "<group>"; };
		0FCE6B262B874F6300D0BB05 /* Constants.swift */ = {isa = PBXFileReference; lastKnownFileType = sourcecode.swift; path = Constants.swift; sourceTree = "<group>"; };
		0FCE6B282B87ACCE00D0BB05 /* Settings.swift */ = {isa = PBXFileReference; lastKnownFileType = sourcecode.swift; path = Settings.swift; sourceTree = "<group>"; };
		0FCE6B532B8EC07700D0BB05 /* SButton.swift */ = {isa = PBXFileReference; lastKnownFileType = sourcecode.swift; path = SButton.swift; sourceTree = "<group>"; };
		0FCE6B562B8EE8C100D0BB05 /* SignUpViewController.swift */ = {isa = PBXFileReference; lastKnownFileType = sourcecode.swift; path = SignUpViewController.swift; sourceTree = "<group>"; };
		0FCE6B582B8EE8D100D0BB05 /* SignInViewController.swift */ = {isa = PBXFileReference; lastKnownFileType = sourcecode.swift; path = SignInViewController.swift; sourceTree = "<group>"; };
		0FCE6B5A2B8EECB000D0BB05 /* STextfield.swift */ = {isa = PBXFileReference; lastKnownFileType = sourcecode.swift; path = STextfield.swift; sourceTree = "<group>"; };
/* End PBXFileReference section */

/* Begin PBXFrameworksBuildPhase section */
		0F91C7FC2B85DF7800AB2942 /* Frameworks */ = {
			isa = PBXFrameworksBuildPhase;
			buildActionMask = 2147483647;
			files = (
				0FCE6B2C2B88DD2500D0BB05 /* SDWebImage in Frameworks */,
			);
			runOnlyForDeploymentPostprocessing = 0;
		};
/* End PBXFrameworksBuildPhase section */

/* Begin PBXGroup section */
		0F6267002BA09D7D00255FE9 /* Browse */ = {
			isa = PBXGroup;
			children = (
				0F6267012BA09DAA00255FE9 /* NewReleaseCollectionViewCell.swift */,
				0F6267032BA09DF700255FE9 /* FeaturedPlaylistCollectionViewCell.swift */,
				0F6267052BA09E1C00255FE9 /* RecommendedTrackCollectionViewCell.swift */,
			);
			path = Browse;
			sourceTree = "<group>";
		};
		0F91C7F62B85DF7800AB2942 = {
			isa = PBXGroup;
			children = (
				0F91C8012B85DF7800AB2942 /* spotify-uikit-app */,
				0F91C8002B85DF7800AB2942 /* Products */,
			);
			sourceTree = "<group>";
		};
		0F91C8002B85DF7800AB2942 /* Products */ = {
			isa = PBXGroup;
			children = (
				0F91C7FF2B85DF7800AB2942 /* spotify-uikit-app.app */,
			);
			name = Products;
			sourceTree = "<group>";
		};
		0F91C8012B85DF7800AB2942 /* spotify-uikit-app */ = {
			isa = PBXGroup;
			children = (
				0FCE6B522B8EC01A00D0BB05 /* Custom Views */,
				0FCE6B252B874F5300D0BB05 /* Utilities */,
				0F91C8402B85FBCB00AB2942 /* Extensions */,
				0F91C81B2B85E09B00AB2942 /* Resources */,
				0F91C81A2B85E06200AB2942 /* Controllers */,
				0F91C8162B85E01D00AB2942 /* Managers */,
				0F91C8172B85E04600AB2942 /* Models */,
				0F91C8182B85E05200AB2942 /* ViewModels */,
				0F91C8192B85E05B00AB2942 /* Views */,
				0F91C8102B85DF7A00AB2942 /* Info.plist */,
			);
			path = "spotify-uikit-app";
			sourceTree = "<group>";
		};
		0F91C8162B85E01D00AB2942 /* Managers */ = {
			isa = PBXGroup;
			children = (
				0F91C8302B85EF6F00AB2942 /* AuthManager.swift */,
				0F91C8322B85EF7E00AB2942 /* NetworkManager.swift */,
				0F91C8342B85EF8900AB2942 /* HapticsManager.swift */,
				0FCE6B232B8742B900D0BB05 /* PersistenceManager.swift */,
			);
			path = Managers;
			sourceTree = "<group>";
		};
		0F91C8172B85E04600AB2942 /* Models */ = {
			isa = PBXGroup;
			children = (
				0F91C8362B85EF9900AB2942 /* Playlist.swift */,
				0F91C8382B85EFA500AB2942 /* AudioTrack.swift */,
				0F91C83A2B85EFAE00AB2942 /* Artist.swift */,
				0F91C83C2B85EFBB00AB2942 /* UserProfile.swift */,
				0FCE6B212B87406700D0BB05 /* AuthResponse.swift */,
				0FCE6B282B87ACCE00D0BB05 /* Settings.swift */,
				0F6266F62B9F0ED800255FE9 /* NewReleasesResponse.swift */,
				0F6266F82B9F0F9400255FE9 /* APIImage.swift */,
				0F6266FA2B9F130F00255FE9 /* FeaturedPlaylistsResponse.swift */,
				0F6266FC2B9F2C9F00255FE9 /* RecommendedGenresResponse.swift */,
				0F6266FE2B9F48B800255FE9 /* RecommendationsResponse.swift */,
				0F549D972BA1AF01002EE117 /* AlbumDetailsResponse.swift */,
				0F549D992BA1EF05002EE117 /* PlaylistDetailsResponse.swift */,
			);
			path = Models;
			sourceTree = "<group>";
		};
		0F91C8182B85E05200AB2942 /* ViewModels */ = {
			isa = PBXGroup;
			children = (
				0F6267072BA09F6100255FE9 /* NewReleasesCellViewModel.swift */,
				0F6267092BA1140A00255FE9 /* FeaturedPlaylistCellViewModel.swift */,
				0F62670B2BA1144F00255FE9 /* RecommendedTrackCellViewModel.swift */,
				0F549D9D2BA2D3B6002EE117 /* PlaylistHeaderViewViewModel.swift */,
				0F549DA32BA30468002EE117 /* AlbumCollectionViewCellViewModel.swift */,
			);
			path = ViewModels;
			sourceTree = "<group>";
		};
		0F91C8192B85E05B00AB2942 /* Views */ = {
			isa = PBXGroup;
			children = (
				0F6267002BA09D7D00255FE9 /* Browse */,
				0F91C80D2B85DF7A00AB2942 /* LaunchScreen.storyboard */,
				0F549D9B2BA2D0ED002EE117 /* PlaylistHeaderCollectionReusableView.swift */,
				0F549D9F2BA2F372002EE117 /* TitleHeaderCollectionReusableView.swift */,
				0F549DA12BA302D5002EE117 /* AlbumTrackCollectionViewCell.swift */,
				0F549DA92BA345FD002EE117 /* GenreCollectionViewCell.swift */,
			);
			path = Views;
			sourceTree = "<group>";
		};
		0F91C81A2B85E06200AB2942 /* Controllers */ = {
			isa = PBXGroup;
			children = (
				0FCE6B552B8EE8A100D0BB05 /* Auth */,
				0F91C8212B85EEC000AB2942 /* Other */,
				0F91C8202B85EEBA00AB2942 /* Core */,
			);
			path = Controllers;
			sourceTree = "<group>";
		};
		0F91C81B2B85E09B00AB2942 /* Resources */ = {
			isa = PBXGroup;
			children = (
				0F91C8022B85DF7800AB2942 /* AppDelegate.swift */,
				0F91C8042B85DF7800AB2942 /* SceneDelegate.swift */,
				0F91C80B2B85DF7A00AB2942 /* Assets.xcassets */,
			);
			path = Resources;
			sourceTree = "<group>";
		};
		0F91C8202B85EEBA00AB2942 /* Core */ = {
			isa = PBXGroup;
			children = (
				0F91C8062B85DF7800AB2942 /* HomeViewController.swift */,
				0F91C81C2B85EE4D00AB2942 /* TabBarViewController.swift */,
				0F91C81E2B85EE8D00AB2942 /* SearchViewController.swift */,
				0F91C83E2B85F07700AB2942 /* LibraryViewController.swift */,
			);
			path = Core;
			sourceTree = "<group>";
		};
		0F91C8212B85EEC000AB2942 /* Other */ = {
			isa = PBXGroup;
			children = (
				0F91C8222B85EEDD00AB2942 /* AuthViewController.swift */,
				0F91C8262B85EEF600AB2942 /* SettingsViewController.swift */,
				0F91C8282B85EF1C00AB2942 /* ProfileViewController.swift */,
				0F91C82A2B85EF2400AB2942 /* PlaylistViewController.swift */,
				0F91C82C2B85EF3100AB2942 /* PlayerViewController.swift */,
				0F91C82E2B85EF4A00AB2942 /* SearchResultViewController.swift */,
				0F549D952BA1A781002EE117 /* AlbumViewController.swift */,
			);
			path = Other;
			sourceTree = "<group>";
		};
		0F91C8402B85FBCB00AB2942 /* Extensions */ = {
			isa = PBXGroup;
			children = (
				0F91C8412B85FBDF00AB2942 /* UIView+Ext.swift */,
				0F91C8432B85FBEF00AB2942 /* UIViewController+Ext.swift */,
				0F549DA52BA30596002EE117 /* DateFormatter+Ext.swift */,
				0F549DA72BA3062B002EE117 /* String+Ext.swift */,
			);
			path = Extensions;
			sourceTree = "<group>";
		};
		0FCE6B252B874F5300D0BB05 /* Utilities */ = {
			isa = PBXGroup;
			children = (
				0FCE6B262B874F6300D0BB05 /* Constants.swift */,
			);
			path = Utilities;
			sourceTree = "<group>";
		};
		0FCE6B522B8EC01A00D0BB05 /* Custom Views */ = {
			isa = PBXGroup;
			children = (
				0FCE6B532B8EC07700D0BB05 /* SButton.swift */,
				0FCE6B5A2B8EECB000D0BB05 /* STextfield.swift */,
			);
			path = "Custom Views";
			sourceTree = "<group>";
		};
		0FCE6B552B8EE8A100D0BB05 /* Auth */ = {
			isa = PBXGroup;
			children = (
				0FCE6B562B8EE8C100D0BB05 /* SignUpViewController.swift */,
				0FCE6B582B8EE8D100D0BB05 /* SignInViewController.swift */,
				0F91C8242B85EEED00AB2942 /* WelcomeViewController.swift */,
			);
			path = Auth;
			sourceTree = "<group>";
		};
/* End PBXGroup section */

/* Begin PBXNativeTarget section */
		0F91C7FE2B85DF7800AB2942 /* spotify-uikit-app */ = {
			isa = PBXNativeTarget;
			buildConfigurationList = 0F91C8132B85DF7A00AB2942 /* Build configuration list for PBXNativeTarget "spotify-uikit-app" */;
			buildPhases = (
				0F91C7FB2B85DF7800AB2942 /* Sources */,
				0F91C7FC2B85DF7800AB2942 /* Frameworks */,
				0F91C7FD2B85DF7800AB2942 /* Resources */,
			);
			buildRules = (
			);
			dependencies = (
			);
			name = "spotify-uikit-app";
			packageProductDependencies = (
				0FCE6B2B2B88DD2500D0BB05 /* SDWebImage */,
			);
			productName = "spotify-uikit-app";
			productReference = 0F91C7FF2B85DF7800AB2942 /* spotify-uikit-app.app */;
			productType = "com.apple.product-type.application";
		};
/* End PBXNativeTarget section */

/* Begin PBXProject section */
		0F91C7F72B85DF7800AB2942 /* Project object */ = {
			isa = PBXProject;
			attributes = {
				BuildIndependentTargetsInParallel = 1;
				LastSwiftUpdateCheck = 1520;
				LastUpgradeCheck = 1520;
				TargetAttributes = {
					0F91C7FE2B85DF7800AB2942 = {
						CreatedOnToolsVersion = 15.2;
					};
				};
			};
			buildConfigurationList = 0F91C7FA2B85DF7800AB2942 /* Build configuration list for PBXProject "spotify-uikit-app" */;
			compatibilityVersion = "Xcode 14.0";
			developmentRegion = en;
			hasScannedForEncodings = 0;
			knownRegions = (
				en,
				Base,
			);
			mainGroup = 0F91C7F62B85DF7800AB2942;
			packageReferences = (
				0FCE6B2A2B88DD2500D0BB05 /* XCRemoteSwiftPackageReference "SDWebImage" */,
			);
			productRefGroup = 0F91C8002B85DF7800AB2942 /* Products */;
			projectDirPath = "";
			projectRoot = "";
			targets = (
				0F91C7FE2B85DF7800AB2942 /* spotify-uikit-app */,
			);
		};
/* End PBXProject section */

/* Begin PBXResourcesBuildPhase section */
		0F91C7FD2B85DF7800AB2942 /* Resources */ = {
			isa = PBXResourcesBuildPhase;
			buildActionMask = 2147483647;
			files = (
				0F91C80F2B85DF7A00AB2942 /* LaunchScreen.storyboard in Resources */,
				0F91C80C2B85DF7A00AB2942 /* Assets.xcassets in Resources */,
			);
			runOnlyForDeploymentPostprocessing = 0;
		};
/* End PBXResourcesBuildPhase section */

/* Begin PBXSourcesBuildPhase section */
		0F91C7FB2B85DF7800AB2942 /* Sources */ = {
			isa = PBXSourcesBuildPhase;
			buildActionMask = 2147483647;
			files = (
				0FCE6B272B874F6300D0BB05 /* Constants.swift in Sources */,
				0F91C81F2B85EE8E00AB2942 /* SearchViewController.swift in Sources */,
				0F549D9C2BA2D0ED002EE117 /* PlaylistHeaderCollectionReusableView.swift in Sources */,
				0F549DA82BA3062B002EE117 /* String+Ext.swift in Sources */,
				0FCE6B292B87ACCE00D0BB05 /* Settings.swift in Sources */,
				0F91C81D2B85EE4D00AB2942 /* TabBarViewController.swift in Sources */,
				0F62670A2BA1140A00255FE9 /* FeaturedPlaylistCellViewModel.swift in Sources */,
				0F6266FF2B9F48B800255FE9 /* RecommendationsResponse.swift in Sources */,
				0F549D962BA1A781002EE117 /* AlbumViewController.swift in Sources */,
				0F62670C2BA1144F00255FE9 /* RecommendedTrackCellViewModel.swift in Sources */,
				0F549D982BA1AF01002EE117 /* AlbumDetailsResponse.swift in Sources */,
				0F91C8072B85DF7800AB2942 /* HomeViewController.swift in Sources */,
				0F6266F72B9F0ED800255FE9 /* NewReleasesResponse.swift in Sources */,
				0F549D9E2BA2D3B6002EE117 /* PlaylistHeaderViewViewModel.swift in Sources */,
				0F6267022BA09DAA00255FE9 /* NewReleaseCollectionViewCell.swift in Sources */,
				0FCE6B242B8742B900D0BB05 /* PersistenceManager.swift in Sources */,
				0F91C8352B85EF8900AB2942 /* HapticsManager.swift in Sources */,
				0F91C8312B85EF6F00AB2942 /* AuthManager.swift in Sources */,
				0FCE6B542B8EC07700D0BB05 /* SButton.swift in Sources */,
				0F91C8032B85DF7800AB2942 /* AppDelegate.swift in Sources */,
				0FCE6B592B8EE8D100D0BB05 /* SignInViewController.swift in Sources */,
				0F6266F92B9F0F9400255FE9 /* APIImage.swift in Sources */,
				0F91C83F2B85F07700AB2942 /* LibraryViewController.swift in Sources */,
				0F91C8232B85EEDD00AB2942 /* AuthViewController.swift in Sources */,
				0F549DAA2BA345FD002EE117 /* GenreCollectionViewCell.swift in Sources */,
				0FCE6B5B2B8EECB000D0BB05 /* STextfield.swift in Sources */,
				0F6267042BA09DF800255FE9 /* FeaturedPlaylistCollectionViewCell.swift in Sources */,
				0F91C8392B85EFA500AB2942 /* AudioTrack.swift in Sources */,
				0F91C8052B85DF7800AB2942 /* SceneDelegate.swift in Sources */,
				0F91C82B2B85EF2400AB2942 /* PlaylistViewController.swift in Sources */,
				0F91C8422B85FBDF00AB2942 /* UIView+Ext.swift in Sources */,
				0F91C8292B85EF1C00AB2942 /* ProfileViewController.swift in Sources */,
				0F91C8252B85EEED00AB2942 /* WelcomeViewController.swift in Sources */,
				0F6266FB2B9F130F00255FE9 /* FeaturedPlaylistsResponse.swift in Sources */,
				0F91C8442B85FBF000AB2942 /* UIViewController+Ext.swift in Sources */,
				0F6267082BA09F6100255FE9 /* NewReleasesCellViewModel.swift in Sources */,
				0F549DA22BA302D5002EE117 /* AlbumTrackCollectionViewCell.swift in Sources */,
				0F91C83B2B85EFAE00AB2942 /* Artist.swift in Sources */,
				0F549DA62BA30596002EE117 /* DateFormatter+Ext.swift in Sources */,
				0F91C8372B85EF9900AB2942 /* Playlist.swift in Sources */,
				0F91C83D2B85EFBB00AB2942 /* UserProfile.swift in Sources */,
				0F6266FD2B9F2C9F00255FE9 /* RecommendedGenresResponse.swift in Sources */,
				0FCE6B572B8EE8C100D0BB05 /* SignUpViewController.swift in Sources */,
				0F549DA42BA30468002EE117 /* AlbumCollectionViewCellViewModel.swift in Sources */,
				0F91C8332B85EF7E00AB2942 /* NetworkManager.swift in Sources */,
				0F91C82D2B85EF3100AB2942 /* PlayerViewController.swift in Sources */,
				0F549D9A2BA1EF05002EE117 /* PlaylistDetailsResponse.swift in Sources */,
				0F6267062BA09E1C00255FE9 /* RecommendedTrackCollectionViewCell.swift in Sources */,
				0F91C82F2B85EF4A00AB2942 /* SearchResultViewController.swift in Sources */,
				0FCE6B222B87406700D0BB05 /* AuthResponse.swift in Sources */,
				0F91C8272B85EEF600AB2942 /* SettingsViewController.swift in Sources */,
				0F549DA02BA2F372002EE117 /* TitleHeaderCollectionReusableView.swift in Sources */,
			);
			runOnlyForDeploymentPostprocessing = 0;
		};
/* End PBXSourcesBuildPhase section */

/* Begin PBXVariantGroup section */
		0F91C80D2B85DF7A00AB2942 /* LaunchScreen.storyboard */ = {
			isa = PBXVariantGroup;
			children = (
				0F91C80E2B85DF7A00AB2942 /* Base */,
			);
			name = LaunchScreen.storyboard;
			sourceTree = "<group>";
		};
/* End PBXVariantGroup section */

/* Begin XCBuildConfiguration section */
		0F91C8112B85DF7A00AB2942 /* Debug */ = {
			isa = XCBuildConfiguration;
			buildSettings = {
				ALWAYS_SEARCH_USER_PATHS = NO;
				ASSETCATALOG_COMPILER_GENERATE_SWIFT_ASSET_SYMBOL_EXTENSIONS = YES;
				CLANG_ANALYZER_NONNULL = YES;
				CLANG_ANALYZER_NUMBER_OBJECT_CONVERSION = YES_AGGRESSIVE;
				CLANG_CXX_LANGUAGE_STANDARD = "gnu++20";
				CLANG_ENABLE_MODULES = YES;
				CLANG_ENABLE_OBJC_ARC = YES;
				CLANG_ENABLE_OBJC_WEAK = YES;
				CLANG_WARN_BLOCK_CAPTURE_AUTORELEASING = YES;
				CLANG_WARN_BOOL_CONVERSION = YES;
				CLANG_WARN_COMMA = YES;
				CLANG_WARN_CONSTANT_CONVERSION = YES;
				CLANG_WARN_DEPRECATED_OBJC_IMPLEMENTATIONS = YES;
				CLANG_WARN_DIRECT_OBJC_ISA_USAGE = YES_ERROR;
				CLANG_WARN_DOCUMENTATION_COMMENTS = YES;
				CLANG_WARN_EMPTY_BODY = YES;
				CLANG_WARN_ENUM_CONVERSION = YES;
				CLANG_WARN_INFINITE_RECURSION = YES;
				CLANG_WARN_INT_CONVERSION = YES;
				CLANG_WARN_NON_LITERAL_NULL_CONVERSION = YES;
				CLANG_WARN_OBJC_IMPLICIT_RETAIN_SELF = YES;
				CLANG_WARN_OBJC_LITERAL_CONVERSION = YES;
				CLANG_WARN_OBJC_ROOT_CLASS = YES_ERROR;
				CLANG_WARN_QUOTED_INCLUDE_IN_FRAMEWORK_HEADER = YES;
				CLANG_WARN_RANGE_LOOP_ANALYSIS = YES;
				CLANG_WARN_STRICT_PROTOTYPES = YES;
				CLANG_WARN_SUSPICIOUS_MOVE = YES;
				CLANG_WARN_UNGUARDED_AVAILABILITY = YES_AGGRESSIVE;
				CLANG_WARN_UNREACHABLE_CODE = YES;
				CLANG_WARN__DUPLICATE_METHOD_MATCH = YES;
				COPY_PHASE_STRIP = NO;
				DEBUG_INFORMATION_FORMAT = dwarf;
				ENABLE_STRICT_OBJC_MSGSEND = YES;
				ENABLE_TESTABILITY = YES;
				ENABLE_USER_SCRIPT_SANDBOXING = YES;
				GCC_C_LANGUAGE_STANDARD = gnu17;
				GCC_DYNAMIC_NO_PIC = NO;
				GCC_NO_COMMON_BLOCKS = YES;
				GCC_OPTIMIZATION_LEVEL = 0;
				GCC_PREPROCESSOR_DEFINITIONS = (
					"DEBUG=1",
					"$(inherited)",
				);
				GCC_WARN_64_TO_32_BIT_CONVERSION = YES;
				GCC_WARN_ABOUT_RETURN_TYPE = YES_ERROR;
				GCC_WARN_UNDECLARED_SELECTOR = YES;
				GCC_WARN_UNINITIALIZED_AUTOS = YES_AGGRESSIVE;
				GCC_WARN_UNUSED_FUNCTION = YES;
				GCC_WARN_UNUSED_VARIABLE = YES;
				IPHONEOS_DEPLOYMENT_TARGET = 17.2;
				LOCALIZATION_PREFERS_STRING_CATALOGS = YES;
				MTL_ENABLE_DEBUG_INFO = INCLUDE_SOURCE;
				MTL_FAST_MATH = YES;
				ONLY_ACTIVE_ARCH = YES;
				SDKROOT = iphoneos;
				SWIFT_ACTIVE_COMPILATION_CONDITIONS = "DEBUG $(inherited)";
				SWIFT_OPTIMIZATION_LEVEL = "-Onone";
			};
			name = Debug;
		};
		0F91C8122B85DF7A00AB2942 /* Release */ = {
			isa = XCBuildConfiguration;
			buildSettings = {
				ALWAYS_SEARCH_USER_PATHS = NO;
				ASSETCATALOG_COMPILER_GENERATE_SWIFT_ASSET_SYMBOL_EXTENSIONS = YES;
				CLANG_ANALYZER_NONNULL = YES;
				CLANG_ANALYZER_NUMBER_OBJECT_CONVERSION = YES_AGGRESSIVE;
				CLANG_CXX_LANGUAGE_STANDARD = "gnu++20";
				CLANG_ENABLE_MODULES = YES;
				CLANG_ENABLE_OBJC_ARC = YES;
				CLANG_ENABLE_OBJC_WEAK = YES;
				CLANG_WARN_BLOCK_CAPTURE_AUTORELEASING = YES;
				CLANG_WARN_BOOL_CONVERSION = YES;
				CLANG_WARN_COMMA = YES;
				CLANG_WARN_CONSTANT_CONVERSION = YES;
				CLANG_WARN_DEPRECATED_OBJC_IMPLEMENTATIONS = YES;
				CLANG_WARN_DIRECT_OBJC_ISA_USAGE = YES_ERROR;
				CLANG_WARN_DOCUMENTATION_COMMENTS = YES;
				CLANG_WARN_EMPTY_BODY = YES;
				CLANG_WARN_ENUM_CONVERSION = YES;
				CLANG_WARN_INFINITE_RECURSION = YES;
				CLANG_WARN_INT_CONVERSION = YES;
				CLANG_WARN_NON_LITERAL_NULL_CONVERSION = YES;
				CLANG_WARN_OBJC_IMPLICIT_RETAIN_SELF = YES;
				CLANG_WARN_OBJC_LITERAL_CONVERSION = YES;
				CLANG_WARN_OBJC_ROOT_CLASS = YES_ERROR;
				CLANG_WARN_QUOTED_INCLUDE_IN_FRAMEWORK_HEADER = YES;
				CLANG_WARN_RANGE_LOOP_ANALYSIS = YES;
				CLANG_WARN_STRICT_PROTOTYPES = YES;
				CLANG_WARN_SUSPICIOUS_MOVE = YES;
				CLANG_WARN_UNGUARDED_AVAILABILITY = YES_AGGRESSIVE;
				CLANG_WARN_UNREACHABLE_CODE = YES;
				CLANG_WARN__DUPLICATE_METHOD_MATCH = YES;
				COPY_PHASE_STRIP = NO;
				DEBUG_INFORMATION_FORMAT = "dwarf-with-dsym";
				ENABLE_NS_ASSERTIONS = NO;
				ENABLE_STRICT_OBJC_MSGSEND = YES;
				ENABLE_USER_SCRIPT_SANDBOXING = YES;
				GCC_C_LANGUAGE_STANDARD = gnu17;
				GCC_NO_COMMON_BLOCKS = YES;
				GCC_WARN_64_TO_32_BIT_CONVERSION = YES;
				GCC_WARN_ABOUT_RETURN_TYPE = YES_ERROR;
				GCC_WARN_UNDECLARED_SELECTOR = YES;
				GCC_WARN_UNINITIALIZED_AUTOS = YES_AGGRESSIVE;
				GCC_WARN_UNUSED_FUNCTION = YES;
				GCC_WARN_UNUSED_VARIABLE = YES;
				IPHONEOS_DEPLOYMENT_TARGET = 17.2;
				LOCALIZATION_PREFERS_STRING_CATALOGS = YES;
				MTL_ENABLE_DEBUG_INFO = NO;
				MTL_FAST_MATH = YES;
				SDKROOT = iphoneos;
				SWIFT_COMPILATION_MODE = wholemodule;
				VALIDATE_PRODUCT = YES;
			};
			name = Release;
		};
		0F91C8142B85DF7A00AB2942 /* Debug */ = {
			isa = XCBuildConfiguration;
			buildSettings = {
				ASSETCATALOG_COMPILER_APPICON_NAME = AppIcon;
				ASSETCATALOG_COMPILER_GLOBAL_ACCENT_COLOR_NAME = AccentColor;
				CODE_SIGN_STYLE = Automatic;
				CURRENT_PROJECT_VERSION = 1;
				DEVELOPMENT_TEAM = RGRK4BWFFK;
				GENERATE_INFOPLIST_FILE = YES;
				INFOPLIST_FILE = "spotify-uikit-app/Info.plist";
				INFOPLIST_KEY_UIApplicationSupportsIndirectInputEvents = YES;
				INFOPLIST_KEY_UILaunchStoryboardName = LaunchScreen;
				INFOPLIST_KEY_UISupportedInterfaceOrientations_iPad = "UIInterfaceOrientationPortrait UIInterfaceOrientationPortraitUpsideDown UIInterfaceOrientationLandscapeLeft UIInterfaceOrientationLandscapeRight";
				INFOPLIST_KEY_UISupportedInterfaceOrientations_iPhone = "UIInterfaceOrientationPortrait UIInterfaceOrientationLandscapeLeft UIInterfaceOrientationLandscapeRight";
				LD_RUNPATH_SEARCH_PATHS = (
					"$(inherited)",
					"@executable_path/Frameworks",
				);
				MARKETING_VERSION = 1.0;
				PRODUCT_BUNDLE_IDENTIFIER = "com.herisusanto.spotify-uikit-app";
				PRODUCT_NAME = "$(TARGET_NAME)";
				SWIFT_EMIT_LOC_STRINGS = YES;
				SWIFT_VERSION = 5.0;
				TARGETED_DEVICE_FAMILY = "1,2";
			};
			name = Debug;
		};
		0F91C8152B85DF7A00AB2942 /* Release */ = {
			isa = XCBuildConfiguration;
			buildSettings = {
				ASSETCATALOG_COMPILER_APPICON_NAME = AppIcon;
				ASSETCATALOG_COMPILER_GLOBAL_ACCENT_COLOR_NAME = AccentColor;
				CODE_SIGN_STYLE = Automatic;
				CURRENT_PROJECT_VERSION = 1;
				DEVELOPMENT_TEAM = RGRK4BWFFK;
				GENERATE_INFOPLIST_FILE = YES;
				INFOPLIST_FILE = "spotify-uikit-app/Info.plist";
				INFOPLIST_KEY_UIApplicationSupportsIndirectInputEvents = YES;
				INFOPLIST_KEY_UILaunchStoryboardName = LaunchScreen;
				INFOPLIST_KEY_UISupportedInterfaceOrientations_iPad = "UIInterfaceOrientationPortrait UIInterfaceOrientationPortraitUpsideDown UIInterfaceOrientationLandscapeLeft UIInterfaceOrientationLandscapeRight";
				INFOPLIST_KEY_UISupportedInterfaceOrientations_iPhone = "UIInterfaceOrientationPortrait UIInterfaceOrientationLandscapeLeft UIInterfaceOrientationLandscapeRight";
				LD_RUNPATH_SEARCH_PATHS = (
					"$(inherited)",
					"@executable_path/Frameworks",
				);
				MARKETING_VERSION = 1.0;
				PRODUCT_BUNDLE_IDENTIFIER = "com.herisusanto.spotify-uikit-app";
				PRODUCT_NAME = "$(TARGET_NAME)";
				SWIFT_EMIT_LOC_STRINGS = YES;
				SWIFT_VERSION = 5.0;
				TARGETED_DEVICE_FAMILY = "1,2";
			};
			name = Release;
		};
/* End XCBuildConfiguration section */

/* Begin XCConfigurationList section */
		0F91C7FA2B85DF7800AB2942 /* Build configuration list for PBXProject "spotify-uikit-app" */ = {
			isa = XCConfigurationList;
			buildConfigurations = (
				0F91C8112B85DF7A00AB2942 /* Debug */,
				0F91C8122B85DF7A00AB2942 /* Release */,
			);
			defaultConfigurationIsVisible = 0;
			defaultConfigurationName = Release;
		};
		0F91C8132B85DF7A00AB2942 /* Build configuration list for PBXNativeTarget "spotify-uikit-app" */ = {
			isa = XCConfigurationList;
			buildConfigurations = (
				0F91C8142B85DF7A00AB2942 /* Debug */,
				0F91C8152B85DF7A00AB2942 /* Release */,
			);
			defaultConfigurationIsVisible = 0;
			defaultConfigurationName = Release;
		};
/* End XCConfigurationList section */

/* Begin XCRemoteSwiftPackageReference section */
		0FCE6B2A2B88DD2500D0BB05 /* XCRemoteSwiftPackageReference "SDWebImage" */ = {
			isa = XCRemoteSwiftPackageReference;
			repositoryURL = "https://github.com/SDWebImage/SDWebImage";
			requirement = {
				kind = upToNextMajorVersion;
				minimumVersion = 5.18.11;
			};
		};
/* End XCRemoteSwiftPackageReference section */

/* Begin XCSwiftPackageProductDependency section */
		0FCE6B2B2B88DD2500D0BB05 /* SDWebImage */ = {
			isa = XCSwiftPackageProductDependency;
			package = 0FCE6B2A2B88DD2500D0BB05 /* XCRemoteSwiftPackageReference "SDWebImage" */;
			productName = SDWebImage;
		};
/* End XCSwiftPackageProductDependency section */
	};
	rootObject = 0F91C7F72B85DF7800AB2942 /* Project object */;
}
